# Generated by pub
# See https://dart.dev/tools/pub/glossary#lockfile
packages:
  amap_flutter_base:
    dependency: transitive
    description:
      name: amap_flutter_base
      sha256: "9ef2439b8de7100cdd1b4357701b8ca8c059c0f2d9d0257b81750bbf0c6f53bb"
      url: "https://pub.flutter-io.cn"
    source: hosted
    version: "3.0.0"
  amap_flutter_location:
    dependency: "direct main"
    description:
      name: amap_flutter_location
      sha256: f35ff00e196d579608e0bc28ccbc1f6f53787644702f947de941f775769cc701
      url: "https://pub.flutter-io.cn"
    source: hosted
    version: "3.0.0"
  amap_flutter_map:
    dependency: "direct main"
    description:
      name: amap_flutter_map
      sha256: "9cebb0b2f5fc7d3ae0427e99c41edc883e8f5459f6a28bc850f0f9e16918cf2f"
      url: "https://pub.flutter-io.cn"
    source: hosted
    version: "3.0.0"
  archive:
    dependency: transitive
    description:
      name: archive
      sha256: cb6a278ef2dbb298455e1a713bda08524a175630ec643a242c399c932a0a1f7d
      url: "https://pub.flutter-io.cn"
    source: hosted
    version: "3.6.1"
  async:
    dependency: transitive
    description:
      name: async
      sha256: "947bfcf187f74dbc5e146c9eb9c0f10c9f8b30743e341481c1e2ed3ecc18c20c"
      url: "https://pub.flutter-io.cn"
    source: hosted
    version: "2.11.0"
  audio_session:
    dependency: transitive
    description:
      name: audio_session
      sha256: "343e83bc7809fbda2591a49e525d6b63213ade10c76f15813be9aed6657b3261"
      url: "https://pub.flutter-io.cn"
    source: hosted
    version: "0.1.21"
  audioplayers:
    dependency: "direct main"
    description:
      name: audioplayers
      sha256: c05c6147124cd63e725e861335a8b4d57300b80e6e92cea7c145c739223bbaef
      url: "https://pub.flutter-io.cn"
    source: hosted
    version: "5.2.1"
  audioplayers_android:
    dependency: transitive
    description:
      name: audioplayers_android
      sha256: b00e1a0e11365d88576320ec2d8c192bc21f1afb6c0e5995d1c57ae63156acb5
      url: "https://pub.flutter-io.cn"
    source: hosted
    version: "4.0.3"
  audioplayers_darwin:
    dependency: transitive
    description:
      name: audioplayers_darwin
      sha256: "3034e99a6df8d101da0f5082dcca0a2a99db62ab1d4ddb3277bed3f6f81afe08"
      url: "https://pub.flutter-io.cn"
    source: hosted
    version: "5.0.2"
  audioplayers_linux:
    dependency: transitive
    description:
      name: audioplayers_linux
      sha256: "60787e73fefc4d2e0b9c02c69885402177e818e4e27ef087074cf27c02246c9e"
      url: "https://pub.flutter-io.cn"
    source: hosted
    version: "3.1.0"
  audioplayers_platform_interface:
    dependency: transitive
    description:
      name: audioplayers_platform_interface
      sha256: "365c547f1bb9e77d94dd1687903a668d8f7ac3409e48e6e6a3668a1ac2982adb"
      url: "https://pub.flutter-io.cn"
    source: hosted
    version: "6.1.0"
  audioplayers_web:
    dependency: transitive
    description:
      name: audioplayers_web
      sha256: "22cd0173e54d92bd9b2c80b1204eb1eb159ece87475ab58c9788a70ec43c2a62"
      url: "https://pub.flutter-io.cn"
    source: hosted
    version: "4.1.0"
  audioplayers_windows:
    dependency: transitive
    description:
      name: audioplayers_windows
      sha256: "9536812c9103563644ada2ef45ae523806b0745f7a78e89d1b5fb1951de90e1a"
      url: "https://pub.flutter-io.cn"
    source: hosted
    version: "3.1.0"
  back_button_interceptor:
    dependency: transitive
    description:
      name: back_button_interceptor
      sha256: "8354b03320043db546e3f446af171faaa71384100486444113628f7db1e7fe9b"
      url: "https://pub.flutter-io.cn"
    source: hosted
    version: "7.0.3"
  boolean_selector:
    dependency: transitive
    description:
      name: boolean_selector
      sha256: "6cfb5af12253eaf2b368f07bacc5a80d1301a071c73360d746b7f2e32d762c66"
      url: "https://pub.flutter-io.cn"
    source: hosted
    version: "2.1.1"
  bouncing_widget:
    dependency: "direct main"
    description:
      name: bouncing_widget
      sha256: "94d30908780fa0e82ada38ef90963d0760419a42c5d05289f85fae745981da99"
      url: "https://pub.flutter-io.cn"
    source: hosted
    version: "2.0.0"
  carousel_slider:
    dependency: "direct main"
    description:
      name: carousel_slider
      sha256: "9c695cc963bf1d04a47bd6021f68befce8970bcd61d24938e1fb0918cf5d9c42"
      url: "https://pub.flutter-io.cn"
    source: hosted
    version: "4.2.1"
  characters:
    dependency: transitive
    description:
      name: characters
      sha256: "04a925763edad70e8443c99234dc3328f442e811f1d8fd1a72f1c8ad0f69a605"
      url: "https://pub.flutter-io.cn"
    source: hosted
    version: "1.3.0"
  charcode:
    dependency: transitive
    description:
      name: charcode
      sha256: fb0f1107cac15a5ea6ef0a6ef71a807b9e4267c713bb93e00e92d737cc8dbd8a
      url: "https://pub.flutter-io.cn"
    source: hosted
    version: "1.4.0"
  clock:
    dependency: transitive
    description:
      name: clock
      sha256: cb6d7f03e1de671e34607e909a7213e31d7752be4fb66a86d29fe1eb14bfb5cf
      url: "https://pub.flutter-io.cn"
    source: hosted
    version: "1.1.1"
  collection:
    dependency: transitive
    description:
      name: collection
      sha256: ee67cb0715911d28db6bf4af1026078bd6f0128b07a5f66fb2ed94ec6783c09a
      url: "https://pub.flutter-io.cn"
    source: hosted
    version: "1.18.0"
  cookie_jar:
    dependency: transitive
    description:
      name: cookie_jar
      sha256: a6ac027d3ed6ed756bfce8f3ff60cb479e266f3b0fdabd6242b804b6765e52de
      url: "https://pub.flutter-io.cn"
    source: hosted
    version: "4.0.8"
  cross_file:
    dependency: transitive
    description:
      name: cross_file
      sha256: fedaadfa3a6996f75211d835aaeb8fede285dae94262485698afd832371b9a5e
      url: "https://pub.flutter-io.cn"
    source: hosted
    version: "0.3.3+8"
  crypto:
    dependency: transitive
    description:
      name: crypto
      sha256: ff625774173754681d66daaf4a448684fb04b78f902da9cb3d308c19cc5e8bab
      url: "https://pub.flutter-io.cn"
    source: hosted
    version: "3.0.3"
  csslib:
    dependency: transitive
    description:
      name: csslib
      sha256: "09bad715f418841f976c77db72d5398dc1253c21fb9c0c7f0b0b985860b2d58e"
      url: "https://pub.flutter-io.cn"
    source: hosted
    version: "1.0.2"
  cupertino_icons:
    dependency: "direct main"
    description:
      name: cupertino_icons
      sha256: d57953e10f9f8327ce64a508a355f0b1ec902193f66288e8cb5070e7c47eeb2d
      url: "https://pub.flutter-io.cn"
    source: hosted
    version: "1.0.6"
  date_picker_plus:
    dependency: "direct main"
    description:
      name: date_picker_plus
      sha256: "9b22c94f86c76b20ebe46fa3e54544266400556a8ec9ad5508868ef3180ee513"
      url: "https://pub.flutter-io.cn"
    source: hosted
    version: "4.1.0"
  device_info_plus:
    dependency: "direct main"
    description:
      name: device_info_plus
      sha256: "77f757b789ff68e4eaf9c56d1752309bd9f7ad557cb105b938a7f8eb89e59110"
      url: "https://pub.flutter-io.cn"
    source: hosted
    version: "9.1.2"
  device_info_plus_platform_interface:
    dependency: transitive
    description:
      name: device_info_plus_platform_interface
      sha256: "0b04e02b30791224b31969eb1b50d723498f402971bff3630bca2ba839bd1ed2"
      url: "https://pub.flutter-io.cn"
    source: hosted
    version: "7.0.2"
  dio:
    dependency: "direct main"
    description:
      name: dio
      sha256: "11e40df547d418cc0c4900a9318b26304e665da6fa4755399a9ff9efd09034b5"
      url: "https://pub.flutter-io.cn"
    source: hosted
    version: "5.4.3+1"
  dio_cookie_manager:
    dependency: "direct main"
    description:
      name: dio_cookie_manager
      sha256: e79498b0f632897ff0c28d6e8178b4bc6e9087412401f618c31fa0904ace050d
      url: "https://pub.flutter-io.cn"
    source: hosted
    version: "3.1.1"
  dotted_dashed_line:
    dependency: "direct main"
    description:
      name: dotted_dashed_line
      sha256: da3678819f4522c982eb256d2bc80d032fd2a3e7b437841ea83987c67c00cda5
      url: "https://pub.flutter-io.cn"
    source: hosted
    version: "0.0.3"
  draggable_widget:
    dependency: "direct main"
    description:
      name: draggable_widget
      sha256: d7f6b1eb9cb79b724b02dc2ac699f82d1ab20b99920b8b1f25812054d72ca803
      url: "https://pub.flutter-io.cn"
    source: hosted
    version: "2.0.0"
  easy_refresh:
    dependency: "direct main"
    description:
      name: easy_refresh
      sha256: f36324c7f50291f85085bd64b39abe6b63909481bfa527f9c654d17ef172de30
      url: "https://pub.flutter-io.cn"
    source: hosted
    version: "3.3.4"
  equatable:
    dependency: transitive
    description:
      name: equatable
      sha256: "567c64b3cb4cf82397aac55f4f0cbd3ca20d77c6c03bedbc4ceaddc08904aef7"
      url: "https://pub.flutter-io.cn"
    source: hosted
    version: "2.0.7"
  event_bus:
    dependency: "direct main"
    description:
      name: event_bus
      sha256: "44baa799834f4c803921873e7446a2add0f3efa45e101a054b1f0ab9b95f8edc"
      url: "https://pub.flutter-io.cn"
    source: hosted
    version: "2.0.0"
  fake_async:
    dependency: transitive
    description:
      name: fake_async
      sha256: "511392330127add0b769b75a987850d136345d9227c6b94c96a04cf4a391bf78"
      url: "https://pub.flutter-io.cn"
    source: hosted
    version: "1.3.1"
  ffi:
    dependency: transitive
    description:
      name: ffi
      sha256: "7bf0adc28a23d395f19f3f1eb21dd7cfd1dd9f8e1c50051c069122e6853bc878"
      url: "https://pub.flutter-io.cn"
    source: hosted
    version: "2.1.0"
  fijkplayer:
    dependency: "direct main"
    description:
      name: fijkplayer
      sha256: e6098034e696ce448f5f289fb5b3fa363df5e606bdb418d52944c1dcb8e14cba
      url: "https://pub.flutter-io.cn"
    source: hosted
    version: "0.11.0"
  file:
    dependency: transitive
    description:
      name: file
      sha256: a3b4f84adafef897088c160faf7dfffb7696046cb13ae90b508c2cbc95d3b8d4
      url: "https://pub.flutter-io.cn"
    source: hosted
    version: "7.0.1"
  file_selector_linux:
    dependency: transitive
    description:
      name: file_selector_linux
      sha256: "045d372bf19b02aeb69cacf8b4009555fb5f6f0b7ad8016e5f46dd1387ddd492"
      url: "https://pub.flutter-io.cn"
    source: hosted
    version: "0.9.2+1"
  file_selector_macos:
    dependency: transitive
    description:
      name: file_selector_macos
      sha256: f42eacb83b318e183b1ae24eead1373ab1334084404c8c16e0354f9a3e55d385
      url: "https://pub.flutter-io.cn"
    source: hosted
    version: "0.9.4"
  file_selector_platform_interface:
    dependency: transitive
    description:
      name: file_selector_platform_interface
      sha256: a3994c26f10378a039faa11de174d7b78eb8f79e4dd0af2a451410c1a5c3f66b
      url: "https://pub.flutter-io.cn"
    source: hosted
    version: "2.6.2"
  file_selector_windows:
    dependency: transitive
    description:
      name: file_selector_windows
      sha256: "2ad726953f6e8affbc4df8dc78b77c3b4a060967a291e528ef72ae846c60fb69"
      url: "https://pub.flutter-io.cn"
    source: hosted
    version: "0.9.3+2"
  fl_chart:
    dependency: "direct main"
    description:
      name: fl_chart
      sha256: "0cc8f51e421f2a2113ea437a3c9c618e2dfec1c261fb177d433cc3573ba9bb91"
      url: "https://pub.flutter-io.cn"
    source: hosted
    version: "0.40.6"
  flutter:
    dependency: "direct main"
    description: flutter
    source: sdk
    version: "0.0.0"
  flutter_audio_waveforms:
    dependency: "direct main"
    description:
      name: flutter_audio_waveforms
      sha256: "425dda9ee5ef9bb2ff2a2000b19ec595593b3baba6a1274da8d1d729846a144b"
      url: "https://pub.flutter-io.cn"
    source: hosted
    version: "1.2.1+8"
  flutter_bugly:
    dependency: "direct main"
    description:
      name: flutter_bugly
      sha256: a2d3c034dfea70052b4d4d8ed71d09d12c6cac1eb00b915832bb4386ed648087
      url: "https://pub.flutter-io.cn"
    source: hosted
    version: "1.0.2"
  flutter_datetime_picker_plus:
    dependency: "direct main"
    description:
      name: flutter_datetime_picker_plus
      sha256: "7d82da02c4e070bb28a9107de119ad195e2319b45c786fecc13482a9ffcc51da"
      url: "https://pub.flutter-io.cn"
    source: hosted
    version: "2.2.0"
  flutter_lints:
    dependency: "direct dev"
    description:
      name: flutter_lints
      sha256: a25a15ebbdfc33ab1cd26c63a6ee519df92338a9c10f122adda92938253bef04
      url: "https://pub.flutter-io.cn"
    source: hosted
    version: "2.0.3"
  flutter_localizations:
    dependency: "direct main"
    description: flutter
    source: sdk
    version: "0.0.0"
  flutter_plugin_android_lifecycle:
    dependency: transitive
    description:
      name: flutter_plugin_android_lifecycle
      sha256: "8cf40eebf5dec866a6d1956ad7b4f7016e6c0cc69847ab946833b7d43743809f"
      url: "https://pub.flutter-io.cn"
    source: hosted
    version: "2.0.19"
  flutter_screenutil:
    dependency: "direct main"
    description:
      name: flutter_screenutil
      sha256: "8cf100b8e4973dc570b6415a2090b0bfaa8756ad333db46939efc3e774ee100d"
      url: "https://pub.flutter-io.cn"
    source: hosted
    version: "5.9.0"
  flutter_sound:
    dependency: "direct main"
    description:
      name: flutter_sound
      sha256: "090a4694b11ecc744c2010621c4ffc5fe7c3079d304ea014961a72c7b72cfe6c"
      url: "https://pub.flutter-io.cn"
    source: hosted
    version: "9.2.13"
  flutter_sound_platform_interface:
    dependency: transitive
    description:
      name: flutter_sound_platform_interface
      sha256: "4537eaeb58a32748c42b621ad6116f7f4c6ee0a8d6ffaa501b165fe1c9df4753"
      url: "https://pub.flutter-io.cn"
    source: hosted
    version: "9.2.13"
  flutter_sound_web:
    dependency: transitive
    description:
      name: flutter_sound_web
      sha256: ad4ca92671a1879e1f613e900bbbdb8170b20d57d1e4e6363018fe56b055594f
      url: "https://pub.flutter-io.cn"
    source: hosted
    version: "9.2.13"
  flutter_spinkit:
    dependency: "direct main"
    description:
      name: flutter_spinkit
      sha256: d2696eed13732831414595b98863260e33e8882fc069ee80ec35d4ac9ddb0472
      url: "https://pub.flutter-io.cn"
    source: hosted
    version: "5.2.1"
  flutter_staggered_grid_view:
    dependency: "direct main"
    description:
      name: flutter_staggered_grid_view
      sha256: "19e7abb550c96fbfeb546b23f3ff356ee7c59a019a651f8f102a4ba9b7349395"
      url: "https://pub.flutter-io.cn"
    source: hosted
    version: "0.7.0"
  flutter_styled_toast:
    dependency: "direct main"
    description:
      name: flutter_styled_toast
      sha256: "94aa40eb706ad0d03483e2255901902d3584aa5abc8659295cc1040d2c153e0a"
      url: "https://pub.flutter-io.cn"
    source: hosted
    version: "2.3.0"
  flutter_switch:
    dependency: "direct main"
    description:
      name: flutter_switch
      sha256: b91477f926bba135d2d203d7b24367492662d8d9c3aa6adb960b14c1087d3c41
      url: "https://pub.flutter-io.cn"
    source: hosted
    version: "0.3.2"
  flutter_test:
    dependency: "direct dev"
    description: flutter
    source: sdk
    version: "0.0.0"
  flutter_web_plugins:
    dependency: transitive
    description: flutter
    source: sdk
    version: "0.0.0"
  get:
    dependency: "direct main"
    description:
      name: get
      sha256: e4e7335ede17452b391ed3b2ede016545706c01a02292a6c97619705e7d2a85e
      url: "https://pub.flutter-io.cn"
    source: hosted
    version: "4.6.6"
  html:
    dependency: transitive
    description:
      name: html
      sha256: "6d1264f2dffa1b1101c25a91dff0dc2daee4c18e87cd8538729773c073dbf602"
      url: "https://pub.flutter-io.cn"
    source: hosted
    version: "0.15.6"
  http:
    dependency: transitive
    description:
      name: http
      sha256: a2bbf9d017fcced29139daa8ed2bba4ece450ab222871df93ca9eec6f80c34ba
      url: "https://pub.flutter-io.cn"
    source: hosted
    version: "1.2.0"
  http_parser:
    dependency: transitive
    description:
      name: http_parser
      sha256: "2aa08ce0341cc9b354a498388e30986515406668dbcc4f7c950c3e715496693b"
      url: "https://pub.flutter-io.cn"
    source: hosted
    version: "4.0.2"
  image:
    dependency: transitive
    description:
      name: image
      sha256: f31d52537dc417fdcde36088fdf11d191026fd5e4fae742491ebd40e5a8bea7d
      url: "https://pub.flutter-io.cn"
    source: hosted
    version: "4.3.0"
  image_gallery_saver:
    dependency: "direct main"
    description:
      name: image_gallery_saver
      sha256: "0aba74216a4d9b0561510cb968015d56b701ba1bd94aace26aacdd8ae5761816"
      url: "https://pub.flutter-io.cn"
    source: hosted
    version: "2.0.3"
  image_picker:
    dependency: "direct main"
    description:
      name: image_picker
      sha256: "1f498d086203360cca099d20ffea2963f48c39ce91bdd8a3b6d4a045786b02c8"
      url: "https://pub.flutter-io.cn"
    source: hosted
    version: "1.0.8"
  image_picker_android:
    dependency: transitive
    description:
      name: image_picker_android
      sha256: "844c6da4e4f2829dffdab97816bca09d0e0977e8dcef7450864aba4e07967a58"
      url: "https://pub.flutter-io.cn"
    source: hosted
    version: "0.8.9+6"
  image_picker_for_web:
    dependency: transitive
    description:
      name: image_picker_for_web
      sha256: e2423c53a68b579a7c37a1eda967b8ae536c3d98518e5db95ca1fe5719a730a3
      url: "https://pub.flutter-io.cn"
    source: hosted
    version: "3.0.2"
  image_picker_ios:
    dependency: transitive
    description:
      name: image_picker_ios
      sha256: "917a5cadd67d052554cfb258595e54217de53fac5b52939426e26319a02e6297"
      url: "https://pub.flutter-io.cn"
    source: hosted
    version: "0.8.9+2"
  image_picker_linux:
    dependency: transitive
    description:
      name: image_picker_linux
      sha256: "4ed1d9bb36f7cd60aa6e6cd479779cc56a4cb4e4de8f49d487b1aaad831300fa"
      url: "https://pub.flutter-io.cn"
    source: hosted
    version: "0.2.1+1"
  image_picker_macos:
    dependency: transitive
    description:
      name: image_picker_macos
      sha256: "3f5ad1e8112a9a6111c46d0b57a7be2286a9a07fc6e1976fdf5be2bd31d4ff62"
      url: "https://pub.flutter-io.cn"
    source: hosted
    version: "0.2.1+1"
  image_picker_platform_interface:
    dependency: transitive
    description:
      name: image_picker_platform_interface
      sha256: fa4e815e6fcada50e35718727d83ba1c92f1edf95c0b4436554cec301b56233b
      url: "https://pub.flutter-io.cn"
    source: hosted
    version: "2.9.3"
  image_picker_windows:
    dependency: transitive
    description:
      name: image_picker_windows
      sha256: "6ad07afc4eb1bc25f3a01084d28520496c4a3bb0cb13685435838167c9dcedeb"
      url: "https://pub.flutter-io.cn"
    source: hosted
    version: "0.2.1+1"
  infinite_scroll_pagination:
    dependency: "direct main"
    description:
      name: infinite_scroll_pagination
      sha256: "4047eb8191e8b33573690922a9e995af64c3949dc87efc844f936b039ea279df"
      url: "https://pub.flutter-io.cn"
    source: hosted
    version: "4.1.0"
  intl:
    dependency: "direct main"
    description:
      name: intl
      sha256: "3bc132a9dbce73a7e4a21a17d06e1878839ffbf975568bc875c60537824b0c4d"
      url: "https://pub.flutter-io.cn"
    source: hosted
    version: "0.18.1"
  js:
    dependency: transitive
    description:
      name: js
      sha256: f2c445dce49627136094980615a031419f7f3eb393237e4ecd97ac15dea343f3
      url: "https://pub.flutter-io.cn"
    source: hosted
    version: "0.6.7"
  just_audio:
    dependency: "direct main"
    description:
      name: just_audio
      sha256: a49e7120b95600bd357f37a2bb04cd1e88252f7cdea8f3368803779b925b1049
      url: "https://pub.flutter-io.cn"
    source: hosted
    version: "0.9.42"
  just_audio_platform_interface:
    dependency: transitive
    description:
      name: just_audio_platform_interface
      sha256: "2532c8d6702528824445921c5ff10548b518b13f808c2e34c2fd54793b999a6a"
      url: "https://pub.flutter-io.cn"
    source: hosted
    version: "4.6.0"
  just_audio_web:
    dependency: transitive
    description:
      name: just_audio_web
      sha256: "0edb481ad4aa1ff38f8c40f1a3576013c3420bf6669b686fe661627d49bc606c"
      url: "https://pub.flutter-io.cn"
    source: hosted
    version: "0.4.11"
  lints:
    dependency: transitive
    description:
      name: lints
      sha256: "0a217c6c989d21039f1498c3ed9f3ed71b354e69873f13a8dfc3c9fe76f1b452"
      url: "https://pub.flutter-io.cn"
    source: hosted
    version: "2.1.1"
  loader_overlay:
    dependency: "direct main"
    description:
      name: loader_overlay
      sha256: ccd07ad7050a29c076f0f518fd79f59ba51b6fc39f4d9ec11b2f61ba4111ae88
      url: "https://pub.flutter-io.cn"
    source: hosted
    version: "4.0.1"
  logger:
    dependency: "direct main"
    description:
      name: logger
      sha256: "7ad7215c15420a102ec687bb320a7312afd449bac63bfb1c60d9787c27b9767f"
      url: "https://pub.flutter-io.cn"
    source: hosted
    version: "1.4.0"
  lottie:
    dependency: "direct main"
    description:
      name: lottie
      sha256: "0cf78e7a3dd3431523a7debcf33ce4c41ecbfa113e2d10c24c3fe6667d55b556"
      url: "https://pub.flutter-io.cn"
    source: hosted
    version: "2.3.0"
  matcher:
    dependency: transitive
    description:
      name: matcher
      sha256: "1803e76e6653768d64ed8ff2e1e67bea3ad4b923eb5c56a295c3e634bad5960e"
      url: "https://pub.flutter-io.cn"
    source: hosted
    version: "0.12.16"
  material_color_utilities:
    dependency: transitive
    description:
      name: material_color_utilities
      sha256: "9528f2f296073ff54cb9fee677df673ace1218163c3bc7628093e7eed5203d41"
      url: "https://pub.flutter-io.cn"
    source: hosted
    version: "0.5.0"
  meta:
    dependency: transitive
    description:
      name: meta
      sha256: a6e590c838b18133bb482a2745ad77c5bb7715fb0451209e1a7567d416678b8e
      url: "https://pub.flutter-io.cn"
    source: hosted
    version: "1.10.0"
  mime:
    dependency: transitive
    description:
      name: mime
      sha256: "801fd0b26f14a4a58ccb09d5892c3fbdeff209594300a542492cf13fba9d247a"
      url: "https://pub.flutter-io.cn"
    source: hosted
    version: "1.0.6"
  mqtt_client:
    dependency: "direct main"
    description:
      name: mqtt_client
      sha256: "930a951a748a3feacd57bde9a608740c724f7afb0e1be1ef56f3e1fe9f689cf9"
      url: "https://pub.flutter-io.cn"
    source: hosted
    version: "10.3.0"
  nested:
    dependency: transitive
    description:
      name: nested
      sha256: "03bac4c528c64c95c722ec99280375a6f2fc708eec17c7b3f07253b626cd2a20"
      url: "https://pub.flutter-io.cn"
    source: hosted
    version: "1.0.0"
  open_file:
    dependency: "direct main"
    description:
      name: open_file
      sha256: a5a32d44acb7c899987d0999e1e3cbb0a0f1adebbf41ac813ec6d2d8faa0af20
      url: "https://pub.flutter-io.cn"
    source: hosted
    version: "3.3.2"
  overlay_tooltip:
    dependency: "direct main"
    description:
      name: overlay_tooltip
      sha256: "979623584d335a3a179b3a7bdf768ff11b76088764c2a37f0fb766f9a4d86150"
      url: "https://pub.flutter-io.cn"
    source: hosted
    version: "0.2.4"
  package_info_plus:
    dependency: "direct main"
    description:
      name: package_info_plus
      sha256: "88bc797f44a94814f2213db1c9bd5badebafdfb8290ca9f78d4b9ee2a3db4d79"
      url: "https://pub.flutter-io.cn"
    source: hosted
    version: "5.0.1"
  package_info_plus_platform_interface:
    dependency: transitive
    description:
      name: package_info_plus_platform_interface
      sha256: "9bc8ba46813a4cc42c66ab781470711781940780fd8beddd0c3da62506d3a6c6"
      url: "https://pub.flutter-io.cn"
    source: hosted
    version: "2.0.1"
  path:
    dependency: transitive
    description:
      name: path
      sha256: "8829d8a55c13fc0e37127c29fedf290c102f4e40ae94ada574091fe0ff96c917"
      url: "https://pub.flutter-io.cn"
    source: hosted
    version: "1.8.3"
  path_drawing:
    dependency: transitive
    description:
      name: path_drawing
      sha256: bbb1934c0cbb03091af082a6389ca2080345291ef07a5fa6d6e078ba8682f977
      url: "https://pub.flutter-io.cn"
    source: hosted
    version: "1.0.1"
  path_parsing:
    dependency: transitive
    description:
      name: path_parsing
      sha256: e3e67b1629e6f7e8100b367d3db6ba6af4b1f0bb80f64db18ef1fbabd2fa9ccf
      url: "https://pub.flutter-io.cn"
    source: hosted
    version: "1.0.1"
  path_provider:
    dependency: "direct main"
    description:
      name: path_provider
      sha256: fec0d61223fba3154d87759e3cc27fe2c8dc498f6386c6d6fc80d1afdd1bf378
      url: "https://pub.flutter-io.cn"
    source: hosted
    version: "2.1.4"
  path_provider_android:
    dependency: transitive
    description:
      name: path_provider_android
      sha256: a248d8146ee5983446bf03ed5ea8f6533129a12b11f12057ad1b4a67a2b3b41d
      url: "https://pub.flutter-io.cn"
    source: hosted
    version: "2.2.4"
  path_provider_foundation:
    dependency: transitive
    description:
      name: path_provider_foundation
      sha256: f234384a3fdd67f989b4d54a5d73ca2a6c422fa55ae694381ae0f4375cd1ea16
      url: "https://pub.flutter-io.cn"
    source: hosted
    version: "2.4.0"
  path_provider_linux:
    dependency: transitive
    description:
      name: path_provider_linux
      sha256: f7a1fe3a634fe7734c8d3f2766ad746ae2a2884abe22e241a8b301bf5cac3279
      url: "https://pub.flutter-io.cn"
    source: hosted
    version: "2.2.1"
  path_provider_platform_interface:
    dependency: transitive
    description:
      name: path_provider_platform_interface
      sha256: "88f5779f72ba699763fa3a3b06aa4bf6de76c8e5de842cf6f29e2e06476c2334"
      url: "https://pub.flutter-io.cn"
    source: hosted
    version: "2.1.2"
  path_provider_windows:
    dependency: transitive
    description:
      name: path_provider_windows
      sha256: bd6f00dbd873bfb70d0761682da2b3a2c2fccc2b9e84c495821639601d81afe7
      url: "https://pub.flutter-io.cn"
    source: hosted
    version: "2.3.0"
  permission_handler:
    dependency: "direct main"
    description:
      name: permission_handler
      sha256: "18bf33f7fefbd812f37e72091a15575e72d5318854877e0e4035a24ac1113ecb"
      url: "https://pub.flutter-io.cn"
    source: hosted
    version: "11.3.1"
  permission_handler_android:
    dependency: transitive
    description:
      name: permission_handler_android
      sha256: "71bbecfee799e65aff7c744761a57e817e73b738fedf62ab7afd5593da21f9f1"
      url: "https://pub.flutter-io.cn"
    source: hosted
    version: "12.0.13"
  permission_handler_apple:
    dependency: transitive
    description:
      name: permission_handler_apple
      sha256: f000131e755c54cf4d84a5d8bd6e4149e262cc31c5a8b1d698de1ac85fa41023
      url: "https://pub.flutter-io.cn"
    source: hosted
    version: "9.4.7"
  permission_handler_html:
    dependency: transitive
    description:
      name: permission_handler_html
      sha256: "54bf176b90f6eddd4ece307e2c06cf977fb3973719c35a93b85cc7093eb6070d"
      url: "https://pub.flutter-io.cn"
    source: hosted
    version: "0.1.1"
  permission_handler_platform_interface:
    dependency: transitive
    description:
      name: permission_handler_platform_interface
      sha256: e9c8eadee926c4532d0305dff94b85bf961f16759c3af791486613152af4b4f9
      url: "https://pub.flutter-io.cn"
    source: hosted
    version: "4.2.3"
  permission_handler_windows:
    dependency: transitive
    description:
      name: permission_handler_windows
      sha256: "1a790728016f79a41216d88672dbc5df30e686e811ad4e698bfc51f76ad91f1e"
      url: "https://pub.flutter-io.cn"
    source: hosted
    version: "0.2.1"
  petitparser:
    dependency: transitive
    description:
      name: petitparser
      sha256: c15605cd28af66339f8eb6fbe0e541bfe2d1b72d5825efc6598f3e0a31b9ad27
      url: "https://pub.flutter-io.cn"
    source: hosted
    version: "6.0.2"
  photo_view:
    dependency: "direct main"
    description:
      name: photo_view
      sha256: "1fc3d970a91295fbd1364296575f854c9863f225505c28c46e0a03e48960c75e"
      url: "https://pub.flutter-io.cn"
    source: hosted
    version: "0.15.0"
  pinput:
    dependency: "direct main"
    description:
      name: pinput
      sha256: "6d571e38a484f7515a52e89024ef416f11fa6171ac6f32303701374ab9890efa"
      url: "https://pub.flutter-io.cn"
    source: hosted
    version: "4.0.0"
  platform:
    dependency: transitive
    description:
      name: platform
      sha256: "5d6b1b0036a5f331ebc77c850ebc8506cbc1e9416c27e59b439f917a902a4984"
      url: "https://pub.flutter-io.cn"
    source: hosted
    version: "3.1.6"
  plugin_platform_interface:
    dependency: transitive
    description:
      name: plugin_platform_interface
      sha256: "4820fbfdb9478b1ebae27888254d445073732dae3d6ea81f0b7e06d5dedc3f02"
      url: "https://pub.flutter-io.cn"
    source: hosted
    version: "2.1.8"
  provider:
    dependency: transitive
    description:
      name: provider
      sha256: "4e82183fa20e5ca25703ead7e05de9e4cceed1fbd1eadc1ac3cb6f565a09f272"
      url: "https://pub.flutter-io.cn"
    source: hosted
    version: "6.1.5+1"
  pull_to_refresh:
    dependency: "direct main"
    description:
      name: pull_to_refresh
      sha256: bbadd5a931837b57739cf08736bea63167e284e71fb23b218c8c9a6e042aad12
      url: "https://pub.flutter-io.cn"
    source: hosted
    version: "2.0.0"
  qc_amap_navi:
    dependency: "direct main"
    description:
      path: qc_amap_navi
      relative: true
    source: path
    version: "0.1.0"
  qr_code_scanner:
    dependency: "direct main"
    description:
      name: qr_code_scanner
      sha256: f23b68d893505a424f0bd2e324ebea71ed88465d572d26bb8d2e78a4749591fd
      url: "https://pub.flutter-io.cn"
    source: hosted
    version: "1.0.1"
  qr_code_tools:
    dependency: "direct main"
    description:
      name: qr_code_tools
      sha256: "79b693f312d99b9917585e409678969e4d2d2d32f9bd43650290cd719486964e"
      url: "https://pub.flutter-io.cn"
    source: hosted
    version: "0.1.0"
  recase:
    dependency: transitive
    description:
      name: recase
      sha256: e4eb4ec2dcdee52dcf99cb4ceabaffc631d7424ee55e56f280bc039737f89213
      url: "https://pub.flutter-io.cn"
    source: hosted
    version: "4.1.0"
  record:
    dependency: "direct main"
    description:
      name: record
      sha256: "113b368168c49c78902ab37c2b354dea30a0aec5bdeca434073826b6ea73eca1"
      url: "https://pub.flutter-io.cn"
    source: hosted
    version: "5.0.5"
  record_android:
    dependency: transitive
    description:
      name: record_android
      sha256: "0df98e05873b22b443309e289bf1eb3b5b9a60e7779134334e2073eb0763a992"
      url: "https://pub.flutter-io.cn"
    source: hosted
    version: "1.1.0"
  record_darwin:
    dependency: transitive
    description:
      name: record_darwin
      sha256: ee8cb1bb1712d7ce38140ecabe70e5c286c02f05296d66043bee865ace7eb1b9
      url: "https://pub.flutter-io.cn"
    source: hosted
    version: "1.0.1"
  record_linux:
    dependency: transitive
    description:
      name: record_linux
      sha256: "7d0e70cd51635128fe9d37d89bafd6011d7cbba9af8dc323079ae60f23546aef"
      url: "https://pub.flutter-io.cn"
    source: hosted
    version: "0.7.1"
  record_platform_interface:
    dependency: transitive
    description:
      name: record_platform_interface
      sha256: "3a4b56e94ecd2a0b2b43eb1fa6f94c5b8484334f5d38ef43959c4bf97fb374cf"
      url: "https://pub.flutter-io.cn"
    source: hosted
    version: "1.0.2"
  record_web:
    dependency: transitive
    description:
      name: record_web
      sha256: "24847cdbcf999f7a5762170792f622ac844858766becd0f2370ec8ae22f7526e"
      url: "https://pub.flutter-io.cn"
    source: hosted
    version: "1.0.5"
  record_windows:
    dependency: transitive
    description:
      name: record_windows
      sha256: "39998b3ea7d8d28b04159d82220e6e5e32a7c357c6fb2794f5736beea272f6c3"
      url: "https://pub.flutter-io.cn"
    source: hosted
    version: "1.0.2"
  rxdart:
    dependency: "direct main"
    description:
      name: rxdart
      sha256: "0c7c0cedd93788d996e33041ffecda924cc54389199cde4e6a34b440f50044cb"
      url: "https://pub.flutter-io.cn"
    source: hosted
    version: "0.27.7"
  screen_recorder:
    dependency: "direct main"
    description:
      name: screen_recorder
      sha256: "25a176f59cf3a3891caa7a62d0db6eed637578493d10363b1da2ca9136f9a299"
      url: "https://pub.flutter-io.cn"
    source: hosted
    version: "0.3.0"
  screenshot:
    dependency: "direct main"
    description:
      name: screenshot
      sha256: d448f43130f49bc7eead1b267b3ea0291cb2450f037bb0a0ecce7aa4c65e2aee
      url: "https://pub.flutter-io.cn"
    source: hosted
    version: "2.5.0"
  shared_preferences:
    dependency: "direct main"
    description:
      name: shared_preferences
      sha256: d3bbe5553a986e83980916ded2f0b435ef2e1893dfaa29d5a7a790d0eca12180
      url: "https://pub.flutter-io.cn"
    source: hosted
    version: "2.2.3"
  shared_preferences_android:
    dependency: transitive
    description:
      name: shared_preferences_android
      sha256: "1ee8bf911094a1b592de7ab29add6f826a7331fb854273d55918693d5364a1f2"
      url: "https://pub.flutter-io.cn"
    source: hosted
    version: "2.2.2"
  shared_preferences_foundation:
    dependency: transitive
    description:
      name: shared_preferences_foundation
      sha256: "671e7a931f55a08aa45be2a13fe7247f2a41237897df434b30d2012388191833"
      url: "https://pub.flutter-io.cn"
    source: hosted
    version: "2.5.0"
  shared_preferences_linux:
    dependency: transitive
    description:
      name: shared_preferences_linux
      sha256: "2ba0510d3017f91655b7543e9ee46d48619de2a2af38e5c790423f7007c7ccc1"
      url: "https://pub.flutter-io.cn"
    source: hosted
    version: "2.4.0"
  shared_preferences_platform_interface:
    dependency: transitive
    description:
      name: shared_preferences_platform_interface
      sha256: "57cbf196c486bc2cf1f02b85784932c6094376284b3ad5779d1b1c6c6a816b80"
      url: "https://pub.flutter-io.cn"
    source: hosted
    version: "2.4.1"
  shared_preferences_web:
    dependency: transitive
    description:
      name: shared_preferences_web
      sha256: "7b15ffb9387ea3e237bb7a66b8a23d2147663d391cafc5c8f37b2e7b4bde5d21"
      url: "https://pub.flutter-io.cn"
    source: hosted
    version: "2.2.2"
  shared_preferences_windows:
    dependency: transitive
    description:
      name: shared_preferences_windows
      sha256: "398084b47b7f92110683cac45c6dc4aae853db47e470e5ddcd52cab7f7196ab2"
      url: "https://pub.flutter-io.cn"
    source: hosted
    version: "2.4.0"
  sky_engine:
    dependency: transitive
    description: flutter
    source: sdk
    version: "0.0.99"
  sliver_tools:
    dependency: transitive
    description:
      name: sliver_tools
      sha256: eae28220badfb9d0559207badcbbc9ad5331aac829a88cb0964d330d2a4636a6
      url: "https://pub.flutter-io.cn"
    source: hosted
    version: "0.2.12"
  smart_auth:
    dependency: transitive
    description:
      name: smart_auth
      sha256: "88aa8fe66e951c78a307f26d1c29672dce2e9eb3da2e12e853864d0e615a73ad"
      url: "https://pub.flutter-io.cn"
    source: hosted
    version: "2.0.0"
  source_span:
    dependency: transitive
    description:
      name: source_span
      sha256: "53e943d4206a5e30df338fd4c6e7a077e02254531b138a15aec3bd143c1a8b3c"
      url: "https://pub.flutter-io.cn"
    source: hosted
    version: "1.10.0"
  stack_trace:
    dependency: transitive
    description:
      name: stack_trace
      sha256: "73713990125a6d93122541237550ee3352a2d84baad52d375a4cad2eb9b7ce0b"
      url: "https://pub.flutter-io.cn"
    source: hosted
    version: "1.11.1"
  step_progress_indicator:
    dependency: "direct main"
    description:
      name: step_progress_indicator
      sha256: b51bb1fcfc78454359f0658c5a2c21548c3825ebf76e826308e9ca10f383bbb8
      url: "https://pub.flutter-io.cn"
    source: hosted
    version: "1.0.2"
  stream_channel:
    dependency: transitive
    description:
      name: stream_channel
      sha256: ba2aa5d8cc609d96bbb2899c28934f9e1af5cddbd60a827822ea467161eb54e7
      url: "https://pub.flutter-io.cn"
    source: hosted
    version: "2.1.2"
  stream_transform:
    dependency: transitive
    description:
      name: stream_transform
      sha256: ad47125e588cfd37a9a7f86c7d6356dde8dfe89d071d293f80ca9e9273a33871
      url: "https://pub.flutter-io.cn"
    source: hosted
    version: "2.1.1"
  string_scanner:
    dependency: transitive
    description:
      name: string_scanner
      sha256: "556692adab6cfa87322a115640c11f13cb77b3f076ddcc5d6ae3c20242bedcde"
      url: "https://pub.flutter-io.cn"
    source: hosted
    version: "1.2.0"
  synchronized:
    dependency: transitive
    description:
      name: synchronized
      sha256: "539ef412b170d65ecdafd780f924e5be3f60032a1128df156adad6c5b373d558"
      url: "https://pub.flutter-io.cn"
    source: hosted
    version: "3.1.0+1"
  term_glyph:
    dependency: transitive
    description:
      name: term_glyph
      sha256: a29248a84fbb7c79282b40b8c72a1209db169a2e0542bce341da992fe1bc7e84
      url: "https://pub.flutter-io.cn"
    source: hosted
    version: "1.2.1"
  test_api:
    dependency: transitive
    description:
      name: test_api
      sha256: "5c2f730018264d276c20e4f1503fd1308dfbbae39ec8ee63c5236311ac06954b"
      url: "https://pub.flutter-io.cn"
    source: hosted
    version: "0.6.1"
  toggle_switch:
    dependency: "direct main"
    description:
      name: toggle_switch
      sha256: dca04512d7c23ed320d6c5ede1211a404f177d54d353bf785b07d15546a86ce5
      url: "https://pub.flutter-io.cn"
    source: hosted
    version: "2.3.0"
  tpns_flutter_plugin:
    dependency: "direct main"
    description:
      path: "."
      ref: "V1.3.0"
      resolved-ref: "723d42f591dc6f254017b1d954856fcbe70fa926"
      url: "https://github.com/TencentCloud/TPNS-Flutter-Plugin"
    source: git
    version: "1.3.0"
  typed_data:
    dependency: transitive
    description:
      name: typed_data
      sha256: facc8d6582f16042dd49f2463ff1bd6e2c9ef9f3d5da3d9b087e244a7b564b3c
      url: "https://pub.flutter-io.cn"
    source: hosted
    version: "1.3.2"
  universal_html:
    dependency: transitive
    description:
      name: universal_html
      sha256: "56536254004e24d9d8cfdb7dbbf09b74cf8df96729f38a2f5c238163e3d58971"
      url: "https://pub.flutter-io.cn"
    source: hosted
    version: "2.2.4"
  universal_io:
    dependency: transitive
    description:
      name: universal_io
      sha256: "1722b2dcc462b4b2f3ee7d188dad008b6eb4c40bbd03a3de451d82c78bba9aad"
      url: "https://pub.flutter-io.cn"
    source: hosted
    version: "2.2.2"
  universal_platform:
    dependency: transitive
    description:
      name: universal_platform
      sha256: "64e16458a0ea9b99260ceb5467a214c1f298d647c659af1bff6d3bf82536b1ec"
      url: "https://pub.flutter-io.cn"
    source: hosted
    version: "1.1.0"
  uuid:
    dependency: transitive
    description:
      name: uuid
      sha256: "648e103079f7c64a36dc7d39369cabb358d377078a051d6ae2ad3aa539519313"
      url: "https://pub.flutter-io.cn"
    source: hosted
    version: "3.0.7"
  vector_math:
    dependency: transitive
    description:
      name: vector_math
      sha256: "80b3257d1492ce4d091729e3a67a60407d227c27241d6927be0130c98e741803"
      url: "https://pub.flutter-io.cn"
    source: hosted
    version: "2.1.4"
  video_player:
    dependency: "direct main"
    description:
      name: video_player
      sha256: e30df0d226c4ef82e2c150ebf6834b3522cf3f654d8e2f9419d376cdc071425d
      url: "https://pub.flutter-io.cn"
    source: hosted
    version: "2.9.1"
  video_player_android:
    dependency: transitive
    description:
      name: video_player_android
      sha256: "134e1ad410d67e18a19486ed9512c72dfc6d8ffb284d0e8f2e99e903d1ba8fa3"
      url: "https://pub.flutter-io.cn"
    source: hosted
    version: "2.4.14"
  video_player_avfoundation:
    dependency: transitive
    description:
      name: video_player_avfoundation
      sha256: d1e9a824f2b324000dc8fb2dcb2a3285b6c1c7c487521c63306cc5b394f68a7c
      url: "https://pub.flutter-io.cn"
    source: hosted
    version: "2.6.1"
  video_player_platform_interface:
    dependency: transitive
    description:
      name: video_player_platform_interface
      sha256: "236454725fafcacf98f0f39af0d7c7ab2ce84762e3b63f2cbb3ef9a7e0550bc6"
      url: "https://pub.flutter-io.cn"
    source: hosted
    version: "6.2.2"
  video_player_web:
    dependency: transitive
    description:
      name: video_player_web
      sha256: "34beb3a07d4331a24f7e7b2f75b8e2b103289038e07e65529699a671b6a6e2cb"
      url: "https://pub.flutter-io.cn"
    source: hosted
    version: "2.1.3"
  video_thumbnail:
    dependency: "direct main"
    description:
      name: video_thumbnail
      sha256: "3455c189d3f0bb4e3fc2236475aa84fe598b9b2d0e08f43b9761f5bc44210016"
      url: "https://pub.flutter-io.cn"
    source: hosted
    version: "0.5.3"
  web:
    dependency: transitive
    description:
      name: web
      sha256: afe077240a270dcfd2aafe77602b4113645af95d0ad31128cc02bce5ac5d5152
      url: "https://pub.flutter-io.cn"
    source: hosted
    version: "0.3.0"
  web_socket_channel:
    dependency: "direct main"
    description:
      name: web_socket_channel
      sha256: d88238e5eac9a42bb43ca4e721edba3c08c6354d4a53063afaa568516217621b
      url: "https://pub.flutter-io.cn"
    source: hosted
    version: "2.4.0"
  webview_flutter:
    dependency: "direct main"
    description:
      name: webview_flutter
      sha256: "6869c8786d179f929144b4a1f86e09ac0eddfe475984951ea6c634774c16b522"
      url: "https://pub.flutter-io.cn"
    source: hosted
    version: "4.8.0"
  webview_flutter_android:
    dependency: transitive
    description:
      name: webview_flutter_android
      sha256: "0d21cfc3bfdd2e30ab2ebeced66512b91134b39e72e97b43db2d47dda1c4e53a"
      url: "https://pub.flutter-io.cn"
    source: hosted
    version: "3.16.3"
  webview_flutter_platform_interface:
    dependency: transitive
    description:
      name: webview_flutter_platform_interface
      sha256: d937581d6e558908d7ae3dc1989c4f87b786891ab47bb9df7de548a151779d8d
      url: "https://pub.flutter-io.cn"
    source: hosted
    version: "2.10.0"
  webview_flutter_wkwebview:
    dependency: transitive
    description:
      name: webview_flutter_wkwebview
      sha256: "9c62cc46fa4f2d41e10ab81014c1de470a6c6f26051a2de32111b2ee55287feb"
      url: "https://pub.flutter-io.cn"
    source: hosted
    version: "3.14.0"
  win32:
    dependency: transitive
    description:
      name: win32
      sha256: "464f5674532865248444b4c3daca12bd9bf2d7c47f759ce2617986e7229494a8"
      url: "https://pub.flutter-io.cn"
    source: hosted
    version: "5.2.0"
  win32_registry:
    dependency: transitive
    description:
      name: win32_registry
      sha256: "41fd8a189940d8696b1b810efb9abcf60827b6cbfab90b0c43e8439e3a39d85a"
      url: "https://pub.flutter-io.cn"
    source: hosted
    version: "1.1.2"
  xdg_directories:
    dependency: transitive
    description:
      name: xdg_directories
      sha256: faea9dee56b520b55a566385b84f2e8de55e7496104adada9962e0bd11bcff1d
      url: "https://pub.flutter-io.cn"
    source: hosted
    version: "1.0.4"
  xml:
    dependency: transitive
    description:
      name: xml
      sha256: b015a8ad1c488f66851d762d3090a21c600e479dc75e68328c52774040cf9226
      url: "https://pub.flutter-io.cn"
    source: hosted
    version: "6.5.0"
sdks:
  dart: ">=3.2.3 <4.0.0"
  flutter: ">=3.16.6"
